
Microsoft Visual Studio Solution File, Format Version 12.00
# Visual Studio Version 17
VisualStudioVersion = 17.7.34221.43
MinimumVisualStudioVersion = 10.0.40219.1
Project("{FAE04EC0-301F-11D3-BF4B-00C04F79EFBC}") = "ChallengeApp", "ChallengeApp\ChallengeApp.csproj", "{A95E6CA3-283B-4EB8-B4DC-09CDBC60F467}"
EndProject
Global
	GlobalSection(SolutionConfigurationPlatforms) = preSolution
		Debug|Any CPU = Debug|Any CPU
		Release|Any CPU = Release|Any CPU
	EndGlobalSection
	GlobalSection(ProjectConfigurationPlatforms) = postSolution
		{A95E6CA3-283B-4EB8-B4DC-09CDBC60F467}.Debug|Any CPU.ActiveCfg = Debug|Any CPU
		{A95E6CA3-283B-4EB8-B4DC-09CDBC60F467}.Debug|Any CPU.Build.0 = Debug|Any CPU
		{A95E6CA3-283B-4EB8-B4DC-09CDBC60F467}.Release|Any CPU.ActiveCfg = Release|Any CPU
		{A95E6CA3-283B-4EB8-B4DC-09CDBC60F467}.Release|Any CPU.Build.0 = Release|Any CPU
	EndGlobalSection
	GlobalSection(SolutionProperties) = preSolution
		HideSolutionNode = FALSE
	EndGlobalSection
	GlobalSection(ExtensibilityGlobals) = postSolution
		SolutionGuid = {C9401D1F-8F60-4537-AFD8-94A1605FC1EB}
	EndGlobalSection
EndGlobal
